
Microsoft Visual Studio Solution File, Format Version 12.00
# Visual Studio Version 17
VisualStudioVersion = 17.11.35327.3
MinimumVisualStudioVersion = 10.0.40219.1
Project("{FAE04EC0-301F-11D3-BF4B-00C04F79EFBC}") = "AppTarefas", "AppTarefas.csproj", "{2976FC83-8B65-404C-8A78-18F738F29B3D}"
EndProject
Global
	GlobalSection(SolutionConfigurationPlatforms) = preSolution
		Debug|Any CPU = Debug|Any CPU
		Release|Any CPU = Release|Any CPU
	EndGlobalSection
	GlobalSection(ProjectConfigurationPlatforms) = postSolution
		{2976FC83-8B65-404C-8A78-18F738F29B3D}.Debug|Any CPU.ActiveCfg = Debug|Any CPU
		{2976FC83-8B65-404C-8A78-18F738F29B3D}.Debug|Any CPU.Build.0 = Debug|Any CPU
		{2976FC83-8B65-404C-8A78-18F738F29B3D}.Release|Any CPU.ActiveCfg = Release|Any CPU
		{2976FC83-8B65-404C-8A78-18F738F29B3D}.Release|Any CPU.Build.0 = Release|Any CPU
	EndGlobalSection
	GlobalSection(SolutionProperties) = preSolution
		HideSolutionNode = FALSE
	EndGlobalSection
	GlobalSection(ExtensibilityGlobals) = postSolution
		SolutionGuid = {EA931A0C-188C-4C8B-8237-AEC65811344F}
	EndGlobalSection
EndGlobal
